
Microsoft Visual Studio Solution File, Format Version 12.00
# Visual Studio Version 17
VisualStudioVersion = 17.5.33424.131
MinimumVisualStudioVersion = 10.0.40219.1
Project("{FAE04EC0-301F-11D3-BF4B-00C04F79EFBC}") = "CaesarCipherBulgarian", "CaesarCipherBulgarian\CaesarCipherBulgarian.csproj", "{6A611717-31EF-4E2E-A743-D5AF7FF36EC9}"
EndProject
Global
	GlobalSection(SolutionConfigurationPlatforms) = preSolution
		Debug|Any CPU = Debug|Any CPU
		Release|Any CPU = Release|Any CPU
	EndGlobalSection
	GlobalSection(ProjectConfigurationPlatforms) = postSolution
		{6A611717-31EF-4E2E-A743-D5AF7FF36EC9}.Debug|Any CPU.ActiveCfg = Debug|Any CPU
		{6A611717-31EF-4E2E-A743-D5AF7FF36EC9}.Debug|Any CPU.Build.0 = Debug|Any CPU
		{6A611717-31EF-4E2E-A743-D5AF7FF36EC9}.Release|Any CPU.ActiveCfg = Release|Any CPU
		{6A611717-31EF-4E2E-A743-D5AF7FF36EC9}.Release|Any CPU.Build.0 = Release|Any CPU
	EndGlobalSection
	GlobalSection(SolutionProperties) = preSolution
		HideSolutionNode = FALSE
	EndGlobalSection
	GlobalSection(ExtensibilityGlobals) = postSolution
		SolutionGuid = {97DC6040-038A-40CB-B7EA-88F49677E85C}
	EndGlobalSection
EndGlobal
